
Microsoft Visual Studio Solution File, Format Version 12.00
# Visual Studio Version 17
VisualStudioVersion = 17.3.32922.545
MinimumVisualStudioVersion = 10.0.40219.1
Project("{2150E333-8FDC-42A3-9474-1A3956D46DE8}") = "Services", "Services", "{ACB20C26-7A1D-4D79-BDD2-86CB2D6D9A38}"
EndProject
Project("{2150E333-8FDC-42A3-9474-1A3956D46DE8}") = "Catalog", "Catalog", "{BDB92E6E-421F-43F3-9209-4B4381ABFAF5}"
EndProject
Project("{9A19103F-16F7-4668-BE54-9A1E7A4F7556}") = "Catalog.API", "Services\Catalog\Catalog.API\Catalog.API.csproj", "{EFBA7DC7-FC8A-4091-B940-20972F15335D}"
EndProject
Project("{E53339B2-1760-4266-BCC7-CA923CBCF16C}") = "docker-compose", "docker-compose.dcproj", "{AF738615-3E0F-405D-BA73-A431F94D6B8E}"
EndProject
Project("{2150E333-8FDC-42A3-9474-1A3956D46DE8}") = "Basket", "Basket", "{08DB0381-FDE3-4CD6-B0EE-7F5D1A9F8527}"
EndProject
Project("{9A19103F-16F7-4668-BE54-9A1E7A4F7556}") = "Basket.API", "Services\Basket\Basket.API\Basket.API.csproj", "{AA6E68AB-EBC3-474C-B8E4-7E06477974FA}"
EndProject
Project("{2150E333-8FDC-42A3-9474-1A3956D46DE8}") = "Discount", "Discount", "{E21577FA-2B93-4113-A03A-A7254A10828F}"
EndProject
Project("{9A19103F-16F7-4668-BE54-9A1E7A4F7556}") = "Discount.API", "Services\Discount\Discount.API\Discount.API.csproj", "{0084232D-F382-468F-8D33-1C174F487EEE}"
EndProject
Project("{9A19103F-16F7-4668-BE54-9A1E7A4F7556}") = "Discount.Grpc", "Services\Discount\Discount.Grpc\Discount.Grpc.csproj", "{8C4DD705-54C7-457B-B101-1DF24B5F8FCC}"
EndProject
Project("{2150E333-8FDC-42A3-9474-1A3956D46DE8}") = "Ordering", "Ordering", "{145E4DF6-D43A-450B-AD32-1DE7A0423BCB}"
EndProject
Project("{9A19103F-16F7-4668-BE54-9A1E7A4F7556}") = "Ordering.API", "Services\Ordering\Ordering.API\Ordering.API.csproj", "{5AA39CDD-CF0A-42C2-8476-BC725DB3FFD8}"
EndProject
Project("{9A19103F-16F7-4668-BE54-9A1E7A4F7556}") = "Ordering.Domain", "Services\Ordering\Ordering.Domain\Ordering.Domain.csproj", "{A4B5DF72-CA28-4774-9F30-58BF7178AFAD}"
EndProject
Project("{9A19103F-16F7-4668-BE54-9A1E7A4F7556}") = "Ordering.Application", "Services\Ordering\Ordering.Application\Ordering.Application.csproj", "{6090F99E-877C-4CE9-9B9C-8669480EFFA2}"
EndProject
Project("{9A19103F-16F7-4668-BE54-9A1E7A4F7556}") = "Ordering.Infrastructure", "Services\Ordering\Ordering.Infrastructure\Ordering.Infrastructure.csproj", "{793A4BB7-A6CB-45B3-A8FE-D25DEB924052}"
EndProject
Project("{2150E333-8FDC-42A3-9474-1A3956D46DE8}") = "BuildingBlocks", "BuildingBlocks", "{4D682C98-A935-4FFA-8034-A07E813C3EDC}"
EndProject
Project("{9A19103F-16F7-4668-BE54-9A1E7A4F7556}") = "EventBus.Messages", "BuildingBlocks\EventBus.Messages\EventBus.Messages.csproj", "{DB1B1F59-8CA7-4E4B-B6E3-A689F8AF8442}"
EndProject
Project("{2150E333-8FDC-42A3-9474-1A3956D46DE8}") = "ApiGateways", "ApiGateways", "{DC8B8357-1E6C-4A03-B033-B4DCBECDE133}"
EndProject
Project("{9A19103F-16F7-4668-BE54-9A1E7A4F7556}") = "OcelotApiGateway", "ApiGateways\OcelotApiGateway\OcelotApiGateway.csproj", "{BA06A5B5-D395-4EBE-9D95-B592B6D64DE6}"
EndProject
Project("{FAE04EC0-301F-11D3-BF4B-00C04F79EFBC}") = "Shopping.Aggregator", "ApiGateways\Shopping.Aggregator\Shopping.Aggregator.csproj", "{B3416170-8D2E-4140-BACF-01F8D574C305}"
EndProject
Global
	GlobalSection(SolutionConfigurationPlatforms) = preSolution
		Debug|Any CPU = Debug|Any CPU
		Release|Any CPU = Release|Any CPU
	EndGlobalSection
	GlobalSection(ProjectConfigurationPlatforms) = postSolution
		{EFBA7DC7-FC8A-4091-B940-20972F15335D}.Debug|Any CPU.ActiveCfg = Debug|Any CPU
		{EFBA7DC7-FC8A-4091-B940-20972F15335D}.Debug|Any CPU.Build.0 = Debug|Any CPU
		{EFBA7DC7-FC8A-4091-B940-20972F15335D}.Release|Any CPU.ActiveCfg = Release|Any CPU
		{EFBA7DC7-FC8A-4091-B940-20972F15335D}.Release|Any CPU.Build.0 = Release|Any CPU
		{AF738615-3E0F-405D-BA73-A431F94D6B8E}.Debug|Any CPU.ActiveCfg = Debug|Any CPU
		{AF738615-3E0F-405D-BA73-A431F94D6B8E}.Debug|Any CPU.Build.0 = Debug|Any CPU
		{AF738615-3E0F-405D-BA73-A431F94D6B8E}.Release|Any CPU.ActiveCfg = Release|Any CPU
		{AF738615-3E0F-405D-BA73-A431F94D6B8E}.Release|Any CPU.Build.0 = Release|Any CPU
		{AA6E68AB-EBC3-474C-B8E4-7E06477974FA}.Debug|Any CPU.ActiveCfg = Debug|Any CPU
		{AA6E68AB-EBC3-474C-B8E4-7E06477974FA}.Debug|Any CPU.Build.0 = Debug|Any CPU
		{AA6E68AB-EBC3-474C-B8E4-7E06477974FA}.Release|Any CPU.ActiveCfg = Release|Any CPU
		{AA6E68AB-EBC3-474C-B8E4-7E06477974FA}.Release|Any CPU.Build.0 = Release|Any CPU
		{0084232D-F382-468F-8D33-1C174F487EEE}.Debug|Any CPU.ActiveCfg = Debug|Any CPU
		{0084232D-F382-468F-8D33-1C174F487EEE}.Debug|Any CPU.Build.0 = Debug|Any CPU
		{0084232D-F382-468F-8D33-1C174F487EEE}.Release|Any CPU.ActiveCfg = Release|Any CPU
		{0084232D-F382-468F-8D33-1C174F487EEE}.Release|Any CPU.Build.0 = Release|Any CPU
		{8C4DD705-54C7-457B-B101-1DF24B5F8FCC}.Debug|Any CPU.ActiveCfg = Debug|Any CPU
		{8C4DD705-54C7-457B-B101-1DF24B5F8FCC}.Debug|Any CPU.Build.0 = Debug|Any CPU
		{8C4DD705-54C7-457B-B101-1DF24B5F8FCC}.Release|Any CPU.ActiveCfg = Release|Any CPU
		{8C4DD705-54C7-457B-B101-1DF24B5F8FCC}.Release|Any CPU.Build.0 = Release|Any CPU
		{5AA39CDD-CF0A-42C2-8476-BC725DB3FFD8}.Debug|Any CPU.ActiveCfg = Debug|Any CPU
		{5AA39CDD-CF0A-42C2-8476-BC725DB3FFD8}.Debug|Any CPU.Build.0 = Debug|Any CPU
		{5AA39CDD-CF0A-42C2-8476-BC725DB3FFD8}.Release|Any CPU.ActiveCfg = Release|Any CPU
		{5AA39CDD-CF0A-42C2-8476-BC725DB3FFD8}.Release|Any CPU.Build.0 = Release|Any CPU
		{A4B5DF72-CA28-4774-9F30-58BF7178AFAD}.Debug|Any CPU.ActiveCfg = Debug|Any CPU
		{A4B5DF72-CA28-4774-9F30-58BF7178AFAD}.Debug|Any CPU.Build.0 = Debug|Any CPU
		{A4B5DF72-CA28-4774-9F30-58BF7178AFAD}.Release|Any CPU.ActiveCfg = Release|Any CPU
		{A4B5DF72-CA28-4774-9F30-58BF7178AFAD}.Release|Any CPU.Build.0 = Release|Any CPU
		{6090F99E-877C-4CE9-9B9C-8669480EFFA2}.Debug|Any CPU.ActiveCfg = Debug|Any CPU
		{6090F99E-877C-4CE9-9B9C-8669480EFFA2}.Debug|Any CPU.Build.0 = Debug|Any CPU
		{6090F99E-877C-4CE9-9B9C-8669480EFFA2}.Release|Any CPU.ActiveCfg = Release|Any CPU
		{6090F99E-877C-4CE9-9B9C-8669480EFFA2}.Release|Any CPU.Build.0 = Release|Any CPU
		{793A4BB7-A6CB-45B3-A8FE-D25DEB924052}.Debug|Any CPU.ActiveCfg = Debug|Any CPU
		{793A4BB7-A6CB-45B3-A8FE-D25DEB924052}.Debug|Any CPU.Build.0 = Debug|Any CPU
		{793A4BB7-A6CB-45B3-A8FE-D25DEB924052}.Release|Any CPU.ActiveCfg = Release|Any CPU
		{793A4BB7-A6CB-45B3-A8FE-D25DEB924052}.Release|Any CPU.Build.0 = Release|Any CPU
		{DB1B1F59-8CA7-4E4B-B6E3-A689F8AF8442}.Debug|Any CPU.ActiveCfg = Debug|Any CPU
		{DB1B1F59-8CA7-4E4B-B6E3-A689F8AF8442}.Debug|Any CPU.Build.0 = Debug|Any CPU
		{DB1B1F59-8CA7-4E4B-B6E3-A689F8AF8442}.Release|Any CPU.ActiveCfg = Release|Any CPU
		{DB1B1F59-8CA7-4E4B-B6E3-A689F8AF8442}.Release|Any CPU.Build.0 = Release|Any CPU
		{BA06A5B5-D395-4EBE-9D95-B592B6D64DE6}.Debug|Any CPU.ActiveCfg = Debug|Any CPU
		{BA06A5B5-D395-4EBE-9D95-B592B6D64DE6}.Debug|Any CPU.Build.0 = Debug|Any CPU
		{BA06A5B5-D395-4EBE-9D95-B592B6D64DE6}.Release|Any CPU.ActiveCfg = Release|Any CPU
		{BA06A5B5-D395-4EBE-9D95-B592B6D64DE6}.Release|Any CPU.Build.0 = Release|Any CPU
		{B3416170-8D2E-4140-BACF-01F8D574C305}.Debug|Any CPU.ActiveCfg = Debug|Any CPU
		{B3416170-8D2E-4140-BACF-01F8D574C305}.Debug|Any CPU.Build.0 = Debug|Any CPU
		{B3416170-8D2E-4140-BACF-01F8D574C305}.Release|Any CPU.ActiveCfg = Release|Any CPU
		{B3416170-8D2E-4140-BACF-01F8D574C305}.Release|Any CPU.Build.0 = Release|Any CPU
	EndGlobalSection
	GlobalSection(SolutionProperties) = preSolution
		HideSolutionNode = FALSE
	EndGlobalSection
	GlobalSection(NestedProjects) = preSolution
		{BDB92E6E-421F-43F3-9209-4B4381ABFAF5} = {ACB20C26-7A1D-4D79-BDD2-86CB2D6D9A38}
		{EFBA7DC7-FC8A-4091-B940-20972F15335D} = {BDB92E6E-421F-43F3-9209-4B4381ABFAF5}
		{08DB0381-FDE3-4CD6-B0EE-7F5D1A9F8527} = {ACB20C26-7A1D-4D79-BDD2-86CB2D6D9A38}
		{AA6E68AB-EBC3-474C-B8E4-7E06477974FA} = {08DB0381-FDE3-4CD6-B0EE-7F5D1A9F8527}
		{E21577FA-2B93-4113-A03A-A7254A10828F} = {ACB20C26-7A1D-4D79-BDD2-86CB2D6D9A38}
		{0084232D-F382-468F-8D33-1C174F487EEE} = {E21577FA-2B93-4113-A03A-A7254A10828F}
		{8C4DD705-54C7-457B-B101-1DF24B5F8FCC} = {E21577FA-2B93-4113-A03A-A7254A10828F}
		{145E4DF6-D43A-450B-AD32-1DE7A0423BCB} = {ACB20C26-7A1D-4D79-BDD2-86CB2D6D9A38}
		{5AA39CDD-CF0A-42C2-8476-BC725DB3FFD8} = {145E4DF6-D43A-450B-AD32-1DE7A0423BCB}
		{A4B5DF72-CA28-4774-9F30-58BF7178AFAD} = {145E4DF6-D43A-450B-AD32-1DE7A0423BCB}
		{6090F99E-877C-4CE9-9B9C-8669480EFFA2} = {145E4DF6-D43A-450B-AD32-1DE7A0423BCB}
		{793A4BB7-A6CB-45B3-A8FE-D25DEB924052} = {145E4DF6-D43A-450B-AD32-1DE7A0423BCB}
		{DB1B1F59-8CA7-4E4B-B6E3-A689F8AF8442} = {4D682C98-A935-4FFA-8034-A07E813C3EDC}
		{BA06A5B5-D395-4EBE-9D95-B592B6D64DE6} = {DC8B8357-1E6C-4A03-B033-B4DCBECDE133}
		{B3416170-8D2E-4140-BACF-01F8D574C305} = {DC8B8357-1E6C-4A03-B033-B4DCBECDE133}
	EndGlobalSection
	GlobalSection(ExtensibilityGlobals) = postSolution
		SolutionGuid = {FBAA1B50-CAA9-402B-AF50-592778C234D2}
	EndGlobalSection
EndGlobal
